
Microsoft Visual Studio Solution File, Format Version 12.00
# Visual Studio Version 16
VisualStudioVersion = 16.0.30320.27
MinimumVisualStudioVersion = 10.0.40219.1
Project("{2150E333-8FDC-42A3-9474-1A3956D46DE8}") = "src", "src", "{06BCAEFF-C12B-4ADA-B8BB-E31115F7AF97}"
EndProject
Project("{2150E333-8FDC-42A3-9474-1A3956D46DE8}") = "Microservices", "Microservices", "{510BCE62-560B-40E1-B173-B48870128AD2}"
EndProject
Project("{2150E333-8FDC-42A3-9474-1A3956D46DE8}") = "CatalogMicroservice", "CatalogMicroservice", "{8B8F6220-5D08-4976-8A17-6E1131B2B44E}"
EndProject
Project("{9A19103F-16F7-4668-BE54-9A1E7A4F7556}") = "Catalog.API", "src\Microservices\CatalogMicroservice\Catalog.API\Catalog.API.csproj", "{468A0BAC-DAEF-4FC0-99D7-BEB48B1B6B85}"
EndProject
Project("{E53339B2-1760-4266-BCC7-CA923CBCF16C}") = "docker-compose", "docker-compose.dcproj", "{CCEFDF41-31CF-432D-A086-1E687BDF8BFA}"
EndProject
Project("{2150E333-8FDC-42A3-9474-1A3956D46DE8}") = "BasketMicroservice", "BasketMicroservice", "{C5AEC0A3-1A45-4596-9FBF-5CBCD30A0159}"
EndProject
Project("{9A19103F-16F7-4668-BE54-9A1E7A4F7556}") = "Basket.API", "src\Microservices\BasketMicroservice\Basket.API\Basket.API.csproj", "{3FFEBA1F-619B-4494-A684-A025D704B0A5}"
EndProject
Project("{2150E333-8FDC-42A3-9474-1A3956D46DE8}") = "Common", "Common", "{B5D51359-677C-42D6-8CE8-3F2276502F26}"
EndProject
Project("{9A19103F-16F7-4668-BE54-9A1E7A4F7556}") = "EventBusRabbitMQ", "src\Common\EventBusRabbitMQ\EventBusRabbitMQ.csproj", "{899A801A-C33C-4CEC-B213-8EC20ED2E5C9}"
EndProject
Project("{2150E333-8FDC-42A3-9474-1A3956D46DE8}") = "OrderMicroservice", "OrderMicroservice", "{7DFAE0FE-47B0-44B6-8A70-FB38828276C7}"
EndProject
Project("{9A19103F-16F7-4668-BE54-9A1E7A4F7556}") = "Order.API", "src\Microservices\OrderMicroservice\Order.API\Order.API.csproj", "{0216FA8D-D550-4405-8B34-96C7B0BE9822}"
EndProject
Project("{9A19103F-16F7-4668-BE54-9A1E7A4F7556}") = "Order.Core", "src\Microservices\OrderMicroservice\Order.Core\Order.Core.csproj", "{EB2C6588-82B3-4F26-99DB-728E0930BF48}"
EndProject
Project("{9A19103F-16F7-4668-BE54-9A1E7A4F7556}") = "Order.Infrastructure", "src\Microservices\OrderMicroservice\Order.Infrastructure\Order.Infrastructure.csproj", "{18780E7A-7FF3-438A-B9C2-C79D7F3B24A8}"
EndProject
Project("{9A19103F-16F7-4668-BE54-9A1E7A4F7556}") = "Order.Application", "src\Microservices\OrderMicroservice\Order.Application\Order.Application.csproj", "{33844A56-1118-479B-AB1C-61A5404386C5}"
EndProject
Project("{2150E333-8FDC-42A3-9474-1A3956D46DE8}") = "ApiGateways", "ApiGateways", "{6156B640-5B41-40DE-B6F3-25F74F2B8C49}"
EndProject
Project("{FAE04EC0-301F-11D3-BF4B-00C04F79EFBC}") = "OcelotApiGateway", "src\ApiGateways\OcelotApiGateway\OcelotApiGateway.csproj", "{9FE34EC4-D50A-4134-8FDF-60086B6B2291}"
EndProject
Global
	GlobalSection(SolutionConfigurationPlatforms) = preSolution
		Debug|Any CPU = Debug|Any CPU
		Release|Any CPU = Release|Any CPU
	EndGlobalSection
	GlobalSection(ProjectConfigurationPlatforms) = postSolution
		{468A0BAC-DAEF-4FC0-99D7-BEB48B1B6B85}.Debug|Any CPU.ActiveCfg = Debug|Any CPU
		{468A0BAC-DAEF-4FC0-99D7-BEB48B1B6B85}.Debug|Any CPU.Build.0 = Debug|Any CPU
		{468A0BAC-DAEF-4FC0-99D7-BEB48B1B6B85}.Release|Any CPU.ActiveCfg = Release|Any CPU
		{468A0BAC-DAEF-4FC0-99D7-BEB48B1B6B85}.Release|Any CPU.Build.0 = Release|Any CPU
		{CCEFDF41-31CF-432D-A086-1E687BDF8BFA}.Debug|Any CPU.ActiveCfg = Debug|Any CPU
		{CCEFDF41-31CF-432D-A086-1E687BDF8BFA}.Debug|Any CPU.Build.0 = Debug|Any CPU
		{CCEFDF41-31CF-432D-A086-1E687BDF8BFA}.Release|Any CPU.ActiveCfg = Release|Any CPU
		{CCEFDF41-31CF-432D-A086-1E687BDF8BFA}.Release|Any CPU.Build.0 = Release|Any CPU
		{3FFEBA1F-619B-4494-A684-A025D704B0A5}.Debug|Any CPU.ActiveCfg = Debug|Any CPU
		{3FFEBA1F-619B-4494-A684-A025D704B0A5}.Debug|Any CPU.Build.0 = Debug|Any CPU
		{3FFEBA1F-619B-4494-A684-A025D704B0A5}.Release|Any CPU.ActiveCfg = Release|Any CPU
		{3FFEBA1F-619B-4494-A684-A025D704B0A5}.Release|Any CPU.Build.0 = Release|Any CPU
		{899A801A-C33C-4CEC-B213-8EC20ED2E5C9}.Debug|Any CPU.ActiveCfg = Debug|Any CPU
		{899A801A-C33C-4CEC-B213-8EC20ED2E5C9}.Debug|Any CPU.Build.0 = Debug|Any CPU
		{899A801A-C33C-4CEC-B213-8EC20ED2E5C9}.Release|Any CPU.ActiveCfg = Release|Any CPU
		{899A801A-C33C-4CEC-B213-8EC20ED2E5C9}.Release|Any CPU.Build.0 = Release|Any CPU
		{0216FA8D-D550-4405-8B34-96C7B0BE9822}.Debug|Any CPU.ActiveCfg = Debug|Any CPU
		{0216FA8D-D550-4405-8B34-96C7B0BE9822}.Debug|Any CPU.Build.0 = Debug|Any CPU
		{0216FA8D-D550-4405-8B34-96C7B0BE9822}.Release|Any CPU.ActiveCfg = Release|Any CPU
		{0216FA8D-D550-4405-8B34-96C7B0BE9822}.Release|Any CPU.Build.0 = Release|Any CPU
		{EB2C6588-82B3-4F26-99DB-728E0930BF48}.Debug|Any CPU.ActiveCfg = Debug|Any CPU
		{EB2C6588-82B3-4F26-99DB-728E0930BF48}.Debug|Any CPU.Build.0 = Debug|Any CPU
		{EB2C6588-82B3-4F26-99DB-728E0930BF48}.Release|Any CPU.ActiveCfg = Release|Any CPU
		{EB2C6588-82B3-4F26-99DB-728E0930BF48}.Release|Any CPU.Build.0 = Release|Any CPU
		{18780E7A-7FF3-438A-B9C2-C79D7F3B24A8}.Debug|Any CPU.ActiveCfg = Debug|Any CPU
		{18780E7A-7FF3-438A-B9C2-C79D7F3B24A8}.Debug|Any CPU.Build.0 = Debug|Any CPU
		{18780E7A-7FF3-438A-B9C2-C79D7F3B24A8}.Release|Any CPU.ActiveCfg = Release|Any CPU
		{18780E7A-7FF3-438A-B9C2-C79D7F3B24A8}.Release|Any CPU.Build.0 = Release|Any CPU
		{33844A56-1118-479B-AB1C-61A5404386C5}.Debug|Any CPU.ActiveCfg = Debug|Any CPU
		{33844A56-1118-479B-AB1C-61A5404386C5}.Debug|Any CPU.Build.0 = Debug|Any CPU
		{33844A56-1118-479B-AB1C-61A5404386C5}.Release|Any CPU.ActiveCfg = Release|Any CPU
		{33844A56-1118-479B-AB1C-61A5404386C5}.Release|Any CPU.Build.0 = Release|Any CPU
		{9FE34EC4-D50A-4134-8FDF-60086B6B2291}.Debug|Any CPU.ActiveCfg = Debug|Any CPU
		{9FE34EC4-D50A-4134-8FDF-60086B6B2291}.Debug|Any CPU.Build.0 = Debug|Any CPU
		{9FE34EC4-D50A-4134-8FDF-60086B6B2291}.Release|Any CPU.ActiveCfg = Release|Any CPU
		{9FE34EC4-D50A-4134-8FDF-60086B6B2291}.Release|Any CPU.Build.0 = Release|Any CPU
	EndGlobalSection
	GlobalSection(SolutionProperties) = preSolution
		HideSolutionNode = FALSE
	EndGlobalSection
	GlobalSection(NestedProjects) = preSolution
		{510BCE62-560B-40E1-B173-B48870128AD2} = {06BCAEFF-C12B-4ADA-B8BB-E31115F7AF97}
		{8B8F6220-5D08-4976-8A17-6E1131B2B44E} = {510BCE62-560B-40E1-B173-B48870128AD2}
		{468A0BAC-DAEF-4FC0-99D7-BEB48B1B6B85} = {8B8F6220-5D08-4976-8A17-6E1131B2B44E}
		{C5AEC0A3-1A45-4596-9FBF-5CBCD30A0159} = {510BCE62-560B-40E1-B173-B48870128AD2}
		{3FFEBA1F-619B-4494-A684-A025D704B0A5} = {C5AEC0A3-1A45-4596-9FBF-5CBCD30A0159}
		{B5D51359-677C-42D6-8CE8-3F2276502F26} = {06BCAEFF-C12B-4ADA-B8BB-E31115F7AF97}
		{899A801A-C33C-4CEC-B213-8EC20ED2E5C9} = {B5D51359-677C-42D6-8CE8-3F2276502F26}
		{7DFAE0FE-47B0-44B6-8A70-FB38828276C7} = {510BCE62-560B-40E1-B173-B48870128AD2}
		{0216FA8D-D550-4405-8B34-96C7B0BE9822} = {7DFAE0FE-47B0-44B6-8A70-FB38828276C7}
		{EB2C6588-82B3-4F26-99DB-728E0930BF48} = {7DFAE0FE-47B0-44B6-8A70-FB38828276C7}
		{18780E7A-7FF3-438A-B9C2-C79D7F3B24A8} = {7DFAE0FE-47B0-44B6-8A70-FB38828276C7}
		{33844A56-1118-479B-AB1C-61A5404386C5} = {7DFAE0FE-47B0-44B6-8A70-FB38828276C7}
		{6156B640-5B41-40DE-B6F3-25F74F2B8C49} = {06BCAEFF-C12B-4ADA-B8BB-E31115F7AF97}
		{9FE34EC4-D50A-4134-8FDF-60086B6B2291} = {6156B640-5B41-40DE-B6F3-25F74F2B8C49}
	EndGlobalSection
	GlobalSection(ExtensibilityGlobals) = postSolution
		SolutionGuid = {0B1E9F03-9819-4E3E-92FA-0C15A9D83E95}
	EndGlobalSection
EndGlobal
